
Microsoft Visual Studio Solution File, Format Version 12.00
# Visual Studio Version 17
VisualStudioVersion = 17.1.32421.90
MinimumVisualStudioVersion = 10.0.40219.1
Project("{FAE04EC0-301F-11D3-BF4B-00C04F79EFBC}") = "AutofacDecorators", "AutofacDecorators.csproj", "{05F075E9-C413-44BA-8556-00EE92C978F5}"
EndProject
Global
	GlobalSection(SolutionConfigurationPlatforms) = preSolution
		Debug|Any CPU = Debug|Any CPU
		Release|Any CPU = Release|Any CPU
	EndGlobalSection
	GlobalSection(ProjectConfigurationPlatforms) = postSolution
		{05F075E9-C413-44BA-8556-00EE92C978F5}.Debug|Any CPU.ActiveCfg = Debug|Any CPU
		{05F075E9-C413-44BA-8556-00EE92C978F5}.Debug|Any CPU.Build.0 = Debug|Any CPU
		{05F075E9-C413-44BA-8556-00EE92C978F5}.Release|Any CPU.ActiveCfg = Release|Any CPU
		{05F075E9-C413-44BA-8556-00EE92C978F5}.Release|Any CPU.Build.0 = Release|Any CPU
	EndGlobalSection
	GlobalSection(SolutionProperties) = preSolution
		HideSolutionNode = FALSE
	EndGlobalSection
	GlobalSection(ExtensibilityGlobals) = postSolution
		SolutionGuid = {54E09920-7638-42DA-A19B-A1F23FA3B7DA}
	EndGlobalSection
EndGlobal
